// !$*UTF8*$!
{
	archiveVersion = 1;
	classes = {
	};
	objectVersion = 50;
	objects = {

/* Begin PBXBuildFile section */
		262CC2AD256ECF3D002B02B7 /* fsm-team-sunny-morning.mp3 in Resources */ = {isa = PBXBuildFile; fileRef = 262CC293256ECF30002B02B7 /* fsm-team-sunny-morning.mp3 */; };
		262CC2AE256ECF3D002B02B7 /* fsm-team-upbeat.mp3 in Resources */ = {isa = PBXBuildFile; fileRef = 262CC294256ECF31002B02B7 /* fsm-team-upbeat.mp3 */; };
		262CC2AF256ECF3D002B02B7 /* fsm-team-synthetic.mp3 in Resources */ = {isa = PBXBuildFile; fileRef = 262CC295256ECF31002B02B7 /* fsm-team-synthetic.mp3 */; };
		262CC2B0256ECF3D002B02B7 /* fsm-team-sun-and-clouds.mp3 in Resources */ = {isa = PBXBuildFile; fileRef = 262CC296256ECF32002B02B7 /* fsm-team-sun-and-clouds.mp3 */; };
		262CC2B1256ECF3D002B02B7 /* fsm-team-uplifting.mp3 in Resources */ = {isa = PBXBuildFile; fileRef = 262CC297256ECF32002B02B7 /* fsm-team-uplifting.mp3 */; };
		262CC2B2256ECF3D002B02B7 /* fsm-team-escp-lucid-dreaming.mp3 in Resources */ = {isa = PBXBuildFile; fileRef = 262CC298256ECF33002B02B7 /* fsm-team-escp-lucid-dreaming.mp3 */; };
		262CC2B3256ECF3D002B02B7 /* fsm-team-single-room-airfield-view.mp3 in Resources */ = {isa = PBXBuildFile; fileRef = 262CC299256ECF33002B02B7 /* fsm-team-single-room-airfield-view.mp3 */; };
		262CC2B4256ECF3D002B02B7 /* fsm-team-nightwalker.mp3 in Resources */ = {isa = PBXBuildFile; fileRef = 262CC29A256ECF34002B02B7 /* fsm-team-nightwalker.mp3 */; };
		262CC2B5256ECF3D002B02B7 /* fsm-team-escp-sail-away.mp3 in Resources */ = {isa = PBXBuildFile; fileRef = 262CC29B256ECF34002B02B7 /* fsm-team-escp-sail-away.mp3 */; };
		262CC2B6256ECF3D002B02B7 /* fsm-team-escp-neo-noir.mp3 in Resources */ = {isa = PBXBuildFile; fileRef = 262CC29C256ECF35002B02B7 /* fsm-team-escp-neo-noir.mp3 */; };
		262CC2B7256ECF3D002B02B7 /* fsm-team-escp-through-the-waves.mp3 in Resources */ = {isa = PBXBuildFile; fileRef = 262CC29D256ECF35002B02B7 /* fsm-team-escp-through-the-waves.mp3 */; };
		262CC2B8256ECF3D002B02B7 /* fsm-team-escp-hello-night.mp3 in Resources */ = {isa = PBXBuildFile; fileRef = 262CC29E256ECF35002B02B7 /* fsm-team-escp-hello-night.mp3 */; };
		262CC2B9256ECF3D002B02B7 /* fsm-team-escp-water-skiing.mp3 in Resources */ = {isa = PBXBuildFile; fileRef = 262CC29F256ECF36002B02B7 /* fsm-team-escp-water-skiing.mp3 */; };
		262CC2BA256ECF3D002B02B7 /* fsm-team-over-the-ocean.mp3 in Resources */ = {isa = PBXBuildFile; fileRef = 262CC2A0256ECF36002B02B7 /* fsm-team-over-the-ocean.mp3 */; };
		262CC2BB256ECF3D002B02B7 /* fsm-team-escp-parallel-synthesis.mp3 in Resources */ = {isa = PBXBuildFile; fileRef = 262CC2A1256ECF37002B02B7 /* fsm-team-escp-parallel-synthesis.mp3 */; };
		262CC2BC256ECF3D002B02B7 /* fsm-team-escp-lost-in-sargam.mp3 in Resources */ = {isa = PBXBuildFile; fileRef = 262CC2A2256ECF37002B02B7 /* fsm-team-escp-lost-in-sargam.mp3 */; };
		262CC2BD256ECF3D002B02B7 /* fsm-team-stay-positive.mp3 in Resources */ = {isa = PBXBuildFile; fileRef = 262CC2A3256ECF38002B02B7 /* fsm-team-stay-positive.mp3 */; };
		262CC2BE256ECF3D002B02B7 /* fsm-team-escp-goodbye-ocean.mp3 in Resources */ = {isa = PBXBuildFile; fileRef = 262CC2A4256ECF38002B02B7 /* fsm-team-escp-goodbye-ocean.mp3 */; };
		262CC2BF256ECF3D002B02B7 /* fsm-team-escp-dreamwalking.mp3 in Resources */ = {isa = PBXBuildFile; fileRef = 262CC2A5256ECF39002B02B7 /* fsm-team-escp-dreamwalking.mp3 */; };
		262CC2C0256ECF3D002B02B7 /* fsm-team-the-city.mp3 in Resources */ = {isa = PBXBuildFile; fileRef = 262CC2A6256ECF39002B02B7 /* fsm-team-the-city.mp3 */; };
		262CC2C1256ECF3D002B02B7 /* fsm-team-open-space.mp3 in Resources */ = {isa = PBXBuildFile; fileRef = 262CC2A7256ECF3A002B02B7 /* fsm-team-open-space.mp3 */; };
		262CC2C2256ECF3D002B02B7 /* fsm-team-escp-infinite.mp3 in Resources */ = {isa = PBXBuildFile; fileRef = 262CC2A8256ECF3A002B02B7 /* fsm-team-escp-infinite.mp3 */; };
		262CC2C3256ECF3D002B02B7 /* fsm-team-escp-lazy-aftermoon.mp3 in Resources */ = {isa = PBXBuildFile; fileRef = 262CC2A9256ECF3B002B02B7 /* fsm-team-escp-lazy-aftermoon.mp3 */; };
		262CC2C4256ECF3D002B02B7 /* fsm-team-escp-astronaut-in-a-submarine.mp3 in Resources */ = {isa = PBXBuildFile; fileRef = 262CC2AA256ECF3B002B02B7 /* fsm-team-escp-astronaut-in-a-submarine.mp3 */; };
		262CC2C5256ECF3D002B02B7 /* fsm-team-time-rider.mp3 in Resources */ = {isa = PBXBuildFile; fileRef = 262CC2AB256ECF3C002B02B7 /* fsm-team-time-rider.mp3 */; };
		262CC2C6256ECF3D002B02B7 /* fsm-team-escp-work-sleep-repeat.mp3 in Resources */ = {isa = PBXBuildFile; fileRef = 262CC2AC256ECF3C002B02B7 /* fsm-team-escp-work-sleep-repeat.mp3 */; };
		262CC2CC256EFD5C002B02B7 /* Utils.swift in Sources */ = {isa = PBXBuildFile; fileRef = 262CC2CB256EFD5C002B02B7 /* Utils.swift */; };
		262CC2CF256EFE6A002B02B7 /* TrackDetailView.swift in Sources */ = {isa = PBXBuildFile; fileRef = 262CC2CE256EFE6A002B02B7 /* TrackDetailView.swift */; };
		267A99AA25714CED00E05468 /* PlayerView.swift in Sources */ = {isa = PBXBuildFile; fileRef = 267A99A925714CED00E05468 /* PlayerView.swift */; };
		267D6F64257C33B900FA4580 /* SearchView.swift in Sources */ = {isa = PBXBuildFile; fileRef = 267D6F63257C33B900FA4580 /* SearchView.swift */; };
		2698DEAD256C61B700C5AF76 /* OpenTunes4App.swift in Sources */ = {isa = PBXBuildFile; fileRef = 2698DEAC256C61B700C5AF76 /* OpenTunes4App.swift */; };
		2698DEAF256C61B700C5AF76 /* TrackListView.swift in Sources */ = {isa = PBXBuildFile; fileRef = 2698DEAE256C61B700C5AF76 /* TrackListView.swift */; };
		2698DEB1256C61BA00C5AF76 /* Assets.xcassets in Resources */ = {isa = PBXBuildFile; fileRef = 2698DEB0256C61BA00C5AF76 /* Assets.xcassets */; };
		2698DEB4256C61BA00C5AF76 /* Preview Assets.xcassets in Resources */ = {isa = PBXBuildFile; fileRef = 2698DEB3256C61BA00C5AF76 /* Preview Assets.xcassets */; };
		2698DEB6256C61BA00C5AF76 /* Persistence.swift in Sources */ = {isa = PBXBuildFile; fileRef = 2698DEB5256C61BA00C5AF76 /* Persistence.swift */; };
		2698DEB9256C61BA00C5AF76 /* OpenTunes4.xcdatamodeld in Sources */ = {isa = PBXBuildFile; fileRef = 2698DEB7256C61BA00C5AF76 /* OpenTunes4.xcdatamodeld */; };
/* End PBXBuildFile section */

/* Begin PBXFileReference section */
		262CC293256ECF30002B02B7 /* fsm-team-sunny-morning.mp3 */ = {isa = PBXFileReference; lastKnownFileType = audio.mp3; path = "fsm-team-sunny-morning.mp3"; sourceTree = "<group>"; };
		262CC294256ECF31002B02B7 /* fsm-team-upbeat.mp3 */ = {isa = PBXFileReference; lastKnownFileType = audio.mp3; path = "fsm-team-upbeat.mp3"; sourceTree = "<group>"; };
		262CC295256ECF31002B02B7 /* fsm-team-synthetic.mp3 */ = {isa = PBXFileReference; lastKnownFileType = audio.mp3; path = "fsm-team-synthetic.mp3"; sourceTree = "<group>"; };
		262CC296256ECF32002B02B7 /* fsm-team-sun-and-clouds.mp3 */ = {isa = PBXFileReference; lastKnownFileType = audio.mp3; path = "fsm-team-sun-and-clouds.mp3"; sourceTree = "<group>"; };
		262CC297256ECF32002B02B7 /* fsm-team-uplifting.mp3 */ = {isa = PBXFileReference; lastKnownFileType = audio.mp3; path = "fsm-team-uplifting.mp3"; sourceTree = "<group>"; };
		262CC298256ECF33002B02B7 /* fsm-team-escp-lucid-dreaming.mp3 */ = {isa = PBXFileReference; lastKnownFileType = audio.mp3; path = "fsm-team-escp-lucid-dreaming.mp3"; sourceTree = "<group>"; };
		262CC299256ECF33002B02B7 /* fsm-team-single-room-airfield-view.mp3 */ = {isa = PBXFileReference; lastKnownFileType = audio.mp3; path = "fsm-team-single-room-airfield-view.mp3"; sourceTree = "<group>"; };
		262CC29A256ECF34002B02B7 /* fsm-team-nightwalker.mp3 */ = {isa = PBXFileReference; lastKnownFileType = audio.mp3; path = "fsm-team-nightwalker.mp3"; sourceTree = "<group>"; };
		262CC29B256ECF34002B02B7 /* fsm-team-escp-sail-away.mp3 */ = {isa = PBXFileReference; lastKnownFileType = audio.mp3; path = "fsm-team-escp-sail-away.mp3"; sourceTree = "<group>"; };
		262CC29C256ECF35002B02B7 /* fsm-team-escp-neo-noir.mp3 */ = {isa = PBXFileReference; lastKnownFileType = audio.mp3; path = "fsm-team-escp-neo-noir.mp3"; sourceTree = "<group>"; };
		262CC29D256ECF35002B02B7 /* fsm-team-escp-through-the-waves.mp3 */ = {isa = PBXFileReference; lastKnownFileType = audio.mp3; path = "fsm-team-escp-through-the-waves.mp3"; sourceTree = "<group>"; };
		262CC29E256ECF35002B02B7 /* fsm-team-escp-hello-night.mp3 */ = {isa = PBXFileReference; lastKnownFileType = audio.mp3; path = "fsm-team-escp-hello-night.mp3"; sourceTree = "<group>"; };
		262CC29F256ECF36002B02B7 /* fsm-team-escp-water-skiing.mp3 */ = {isa = PBXFileReference; lastKnownFileType = audio.mp3; path = "fsm-team-escp-water-skiing.mp3"; sourceTree = "<group>"; };
		262CC2A0256ECF36002B02B7 /* fsm-team-over-the-ocean.mp3 */ = {isa = PBXFileReference; lastKnownFileType = audio.mp3; path = "fsm-team-over-the-ocean.mp3"; sourceTree = "<group>"; };
		262CC2A1256ECF37002B02B7 /* fsm-team-escp-parallel-synthesis.mp3 */ = {isa = PBXFileReference; lastKnownFileType = audio.mp3; path = "fsm-team-escp-parallel-synthesis.mp3"; sourceTree = "<group>"; };
		262CC2A2256ECF37002B02B7 /* fsm-team-escp-lost-in-sargam.mp3 */ = {isa = PBXFileReference; lastKnownFileType = audio.mp3; path = "fsm-team-escp-lost-in-sargam.mp3"; sourceTree = "<group>"; };
		262CC2A3256ECF38002B02B7 /* fsm-team-stay-positive.mp3 */ = {isa = PBXFileReference; lastKnownFileType = audio.mp3; path = "fsm-team-stay-positive.mp3"; sourceTree = "<group>"; };
		262CC2A4256ECF38002B02B7 /* fsm-team-escp-goodbye-ocean.mp3 */ = {isa = PBXFileReference; lastKnownFileType = audio.mp3; path = "fsm-team-escp-goodbye-ocean.mp3"; sourceTree = "<group>"; };
		262CC2A5256ECF39002B02B7 /* fsm-team-escp-dreamwalking.mp3 */ = {isa = PBXFileReference; lastKnownFileType = audio.mp3; path = "fsm-team-escp-dreamwalking.mp3"; sourceTree = "<group>"; };
		262CC2A6256ECF39002B02B7 /* fsm-team-the-city.mp3 */ = {isa = PBXFileReference; lastKnownFileType = audio.mp3; path = "fsm-team-the-city.mp3"; sourceTree = "<group>"; };
		262CC2A7256ECF3A002B02B7 /* fsm-team-open-space.mp3 */ = {isa = PBXFileReference; lastKnownFileType = audio.mp3; path = "fsm-team-open-space.mp3"; sourceTree = "<group>"; };
		262CC2A8256ECF3A002B02B7 /* fsm-team-escp-infinite.mp3 */ = {isa = PBXFileReference; lastKnownFileType = audio.mp3; path = "fsm-team-escp-infinite.mp3"; sourceTree = "<group>"; };
		262CC2A9256ECF3B002B02B7 /* fsm-team-escp-lazy-aftermoon.mp3 */ = {isa = PBXFileReference; lastKnownFileType = audio.mp3; path = "fsm-team-escp-lazy-aftermoon.mp3"; sourceTree = "<group>"; };
		262CC2AA256ECF3B002B02B7 /* fsm-team-escp-astronaut-in-a-submarine.mp3 */ = {isa = PBXFileReference; lastKnownFileType = audio.mp3; name = "fsm-team-escp-astronaut-in-a-submarine.mp3"; path = "../../../../../Music/Stockmusic/short/fsm-team-escp-astronaut-in-a-submarine.mp3"; sourceTree = "<group>"; };
		262CC2AB256ECF3C002B02B7 /* fsm-team-time-rider.mp3 */ = {isa = PBXFileReference; lastKnownFileType = audio.mp3; path = "fsm-team-time-rider.mp3"; sourceTree = "<group>"; };
		262CC2AC256ECF3C002B02B7 /* fsm-team-escp-work-sleep-repeat.mp3 */ = {isa = PBXFileReference; lastKnownFileType = audio.mp3; path = "fsm-team-escp-work-sleep-repeat.mp3"; sourceTree = "<group>"; };
		262CC2CB256EFD5C002B02B7 /* Utils.swift */ = {isa = PBXFileReference; lastKnownFileType = sourcecode.swift; path = Utils.swift; sourceTree = "<group>"; };
		262CC2CE256EFE6A002B02B7 /* TrackDetailView.swift */ = {isa = PBXFileReference; lastKnownFileType = sourcecode.swift; path = TrackDetailView.swift; sourceTree = "<group>"; };
		267A99A925714CED00E05468 /* PlayerView.swift */ = {isa = PBXFileReference; lastKnownFileType = sourcecode.swift; path = PlayerView.swift; sourceTree = "<group>"; };
		267D6F63257C33B900FA4580 /* SearchView.swift */ = {isa = PBXFileReference; lastKnownFileType = sourcecode.swift; path = SearchView.swift; sourceTree = "<group>"; };
		2698DEA9256C61B700C5AF76 /* OpenTunes4.app */ = {isa = PBXFileReference; explicitFileType = wrapper.application; includeInIndex = 0; path = OpenTunes4.app; sourceTree = BUILT_PRODUCTS_DIR; };
		2698DEAC256C61B700C5AF76 /* OpenTunes4App.swift */ = {isa = PBXFileReference; lastKnownFileType = sourcecode.swift; path = OpenTunes4App.swift; sourceTree = "<group>"; };
		2698DEAE256C61B700C5AF76 /* TrackListView.swift */ = {isa = PBXFileReference; lastKnownFileType = sourcecode.swift; path = TrackListView.swift; sourceTree = "<group>"; };
		2698DEB0256C61BA00C5AF76 /* Assets.xcassets */ = {isa = PBXFileReference; lastKnownFileType = folder.assetcatalog; path = Assets.xcassets; sourceTree = "<group>"; };
		2698DEB3256C61BA00C5AF76 /* Preview Assets.xcassets */ = {isa = PBXFileReference; lastKnownFileType = folder.assetcatalog; path = "Preview Assets.xcassets"; sourceTree = "<group>"; };
		2698DEB5256C61BA00C5AF76 /* Persistence.swift */ = {isa = PBXFileReference; lastKnownFileType = sourcecode.swift; path = Persistence.swift; sourceTree = "<group>"; };
		2698DEB8256C61BA00C5AF76 /* OpenTunes4.xcdatamodel */ = {isa = PBXFileReference; lastKnownFileType = wrapper.xcdatamodel; path = OpenTunes4.xcdatamodel; sourceTree = "<group>"; };
		2698DEBA256C61BA00C5AF76 /* Info.plist */ = {isa = PBXFileReference; lastKnownFileType = text.plist.xml; path = Info.plist; sourceTree = "<group>"; };
/* End PBXFileReference section */

/* Begin PBXFrameworksBuildPhase section */
		2698DEA6256C61B700C5AF76 /* Frameworks */ = {
			isa = PBXFrameworksBuildPhase;
			buildActionMask = 2147483647;
			files = (
			);
			runOnlyForDeploymentPostprocessing = 0;
		};
/* End PBXFrameworksBuildPhase section */

/* Begin PBXGroup section */
		2698DEA0256C61B700C5AF76 = {
			isa = PBXGroup;
			children = (
				2698DEAB256C61B700C5AF76 /* OpenTunes4 */,
				2698DEAA256C61B700C5AF76 /* Products */,
			);
			sourceTree = "<group>";
		};
		2698DEAA256C61B700C5AF76 /* Products */ = {
			isa = PBXGroup;
			children = (
				2698DEA9256C61B700C5AF76 /* OpenTunes4.app */,
			);
			name = Products;
			sourceTree = "<group>";
		};
		2698DEAB256C61B700C5AF76 /* OpenTunes4 */ = {
			isa = PBXGroup;
			children = (
				26DCCD0A256DA68200865512 /* Music.bundle */,
				2698DEAC256C61B700C5AF76 /* OpenTunes4App.swift */,
				2698DEAE256C61B700C5AF76 /* TrackListView.swift */,
				262CC2CE256EFE6A002B02B7 /* TrackDetailView.swift */,
				2698DEB0256C61BA00C5AF76 /* Assets.xcassets */,
				2698DEB5256C61BA00C5AF76 /* Persistence.swift */,
				2698DEBA256C61BA00C5AF76 /* Info.plist */,
				2698DEB7256C61BA00C5AF76 /* OpenTunes4.xcdatamodeld */,
				2698DEB2256C61BA00C5AF76 /* Preview Content */,
				262CC2CB256EFD5C002B02B7 /* Utils.swift */,
				267A99A925714CED00E05468 /* PlayerView.swift */,
				267D6F63257C33B900FA4580 /* SearchView.swift */,
			);
			path = OpenTunes4;
			sourceTree = "<group>";
		};
		2698DEB2256C61BA00C5AF76 /* Preview Content */ = {
			isa = PBXGroup;
			children = (
				2698DEB3256C61BA00C5AF76 /* Preview Assets.xcassets */,
			);
			path = "Preview Content";
			sourceTree = "<group>";
		};
		26DCCD0A256DA68200865512 /* Music.bundle */ = {
			isa = PBXGroup;
			children = (
				262CC2AA256ECF3B002B02B7 /* fsm-team-escp-astronaut-in-a-submarine.mp3 */,
				262CC2A5256ECF39002B02B7 /* fsm-team-escp-dreamwalking.mp3 */,
				262CC2A4256ECF38002B02B7 /* fsm-team-escp-goodbye-ocean.mp3 */,
				262CC29E256ECF35002B02B7 /* fsm-team-escp-hello-night.mp3 */,
				262CC2A8256ECF3A002B02B7 /* fsm-team-escp-infinite.mp3 */,
				262CC2A9256ECF3B002B02B7 /* fsm-team-escp-lazy-aftermoon.mp3 */,
				262CC2A2256ECF37002B02B7 /* fsm-team-escp-lost-in-sargam.mp3 */,
				262CC298256ECF33002B02B7 /* fsm-team-escp-lucid-dreaming.mp3 */,
				262CC29C256ECF35002B02B7 /* fsm-team-escp-neo-noir.mp3 */,
				262CC2A1256ECF37002B02B7 /* fsm-team-escp-parallel-synthesis.mp3 */,
				262CC29B256ECF34002B02B7 /* fsm-team-escp-sail-away.mp3 */,
				262CC29D256ECF35002B02B7 /* fsm-team-escp-through-the-waves.mp3 */,
				262CC29F256ECF36002B02B7 /* fsm-team-escp-water-skiing.mp3 */,
				262CC2AC256ECF3C002B02B7 /* fsm-team-escp-work-sleep-repeat.mp3 */,
				262CC29A256ECF34002B02B7 /* fsm-team-nightwalker.mp3 */,
				262CC2A7256ECF3A002B02B7 /* fsm-team-open-space.mp3 */,
				262CC2A0256ECF36002B02B7 /* fsm-team-over-the-ocean.mp3 */,
				262CC299256ECF33002B02B7 /* fsm-team-single-room-airfield-view.mp3 */,
				262CC2A3256ECF38002B02B7 /* fsm-team-stay-positive.mp3 */,
				262CC296256ECF32002B02B7 /* fsm-team-sun-and-clouds.mp3 */,
				262CC293256ECF30002B02B7 /* fsm-team-sunny-morning.mp3 */,
				262CC295256ECF31002B02B7 /* fsm-team-synthetic.mp3 */,
				262CC2A6256ECF39002B02B7 /* fsm-team-the-city.mp3 */,
				262CC2AB256ECF3C002B02B7 /* fsm-team-time-rider.mp3 */,
				262CC294256ECF31002B02B7 /* fsm-team-upbeat.mp3 */,
				262CC297256ECF32002B02B7 /* fsm-team-uplifting.mp3 */,
			);
			path = Music.bundle;
			sourceTree = "<group>";
		};
/* End PBXGroup section */

/* Begin PBXNativeTarget section */
		2698DEA8256C61B700C5AF76 /* OpenTunes4 */ = {
			isa = PBXNativeTarget;
			buildConfigurationList = 2698DEBD256C61BA00C5AF76 /* Build configuration list for PBXNativeTarget "OpenTunes4" */;
			buildPhases = (
				2698DEA5256C61B700C5AF76 /* Sources */,
				2698DEA6256C61B700C5AF76 /* Frameworks */,
				2698DEA7256C61B700C5AF76 /* Resources */,
			);
			buildRules = (
			);
			dependencies = (
			);
			name = OpenTunes4;
			productName = OpenTunes4;
			productReference = 2698DEA9256C61B700C5AF76 /* OpenTunes4.app */;
			productType = "com.apple.product-type.application";
		};
/* End PBXNativeTarget section */

/* Begin PBXProject section */
		2698DEA1256C61B700C5AF76 /* Project object */ = {
			isa = PBXProject;
			attributes = {
				LastSwiftUpdateCheck = 1220;
				LastUpgradeCheck = 1220;
				TargetAttributes = {
					2698DEA8256C61B700C5AF76 = {
						CreatedOnToolsVersion = 12.2;
					};
				};
			};
			buildConfigurationList = 2698DEA4256C61B700C5AF76 /* Build configuration list for PBXProject "OpenTunes4" */;
			compatibilityVersion = "Xcode 9.3";
			developmentRegion = en;
			hasScannedForEncodings = 0;
			knownRegions = (
				en,
				Base,
			);
			mainGroup = 2698DEA0256C61B700C5AF76;
			productRefGroup = 2698DEAA256C61B700C5AF76 /* Products */;
			projectDirPath = "";
			projectRoot = "";
			targets = (
				2698DEA8256C61B700C5AF76 /* OpenTunes4 */,
			);
		};
/* End PBXProject section */

/* Begin PBXResourcesBuildPhase section */
		2698DEA7256C61B700C5AF76 /* Resources */ = {
			isa = PBXResourcesBuildPhase;
			buildActionMask = 2147483647;
			files = (
				2698DEB4256C61BA00C5AF76 /* Preview Assets.xcassets in Resources */,
				262CC2B0256ECF3D002B02B7 /* fsm-team-sun-and-clouds.mp3 in Resources */,
				262CC2BD256ECF3D002B02B7 /* fsm-team-stay-positive.mp3 in Resources */,
				262CC2AE256ECF3D002B02B7 /* fsm-team-upbeat.mp3 in Resources */,
				262CC2AD256ECF3D002B02B7 /* fsm-team-sunny-morning.mp3 in Resources */,
				262CC2C4256ECF3D002B02B7 /* fsm-team-escp-astronaut-in-a-submarine.mp3 in Resources */,
				262CC2B2256ECF3D002B02B7 /* fsm-team-escp-lucid-dreaming.mp3 in Resources */,
				262CC2B9256ECF3D002B02B7 /* fsm-team-escp-water-skiing.mp3 in Resources */,
				262CC2BC256ECF3D002B02B7 /* fsm-team-escp-lost-in-sargam.mp3 in Resources */,
				262CC2B4256ECF3D002B02B7 /* fsm-team-nightwalker.mp3 in Resources */,
				262CC2B7256ECF3D002B02B7 /* fsm-team-escp-through-the-waves.mp3 in Resources */,
				262CC2AF256ECF3D002B02B7 /* fsm-team-synthetic.mp3 in Resources */,
				262CC2B1256ECF3D002B02B7 /* fsm-team-uplifting.mp3 in Resources */,
				262CC2C5256ECF3D002B02B7 /* fsm-team-time-rider.mp3 in Resources */,
				262CC2BF256ECF3D002B02B7 /* fsm-team-escp-dreamwalking.mp3 in Resources */,
				262CC2C0256ECF3D002B02B7 /* fsm-team-the-city.mp3 in Resources */,
				262CC2BE256ECF3D002B02B7 /* fsm-team-escp-goodbye-ocean.mp3 in Resources */,
				2698DEB1256C61BA00C5AF76 /* Assets.xcassets in Resources */,
				262CC2B3256ECF3D002B02B7 /* fsm-team-single-room-airfield-view.mp3 in Resources */,
				262CC2B8256ECF3D002B02B7 /* fsm-team-escp-hello-night.mp3 in Resources */,
				262CC2BB256ECF3D002B02B7 /* fsm-team-escp-parallel-synthesis.mp3 in Resources */,
				262CC2BA256ECF3D002B02B7 /* fsm-team-over-the-ocean.mp3 in Resources */,
				262CC2B6256ECF3D002B02B7 /* fsm-team-escp-neo-noir.mp3 in Resources */,
				262CC2C6256ECF3D002B02B7 /* fsm-team-escp-work-sleep-repeat.mp3 in Resources */,
				262CC2C2256ECF3D002B02B7 /* fsm-team-escp-infinite.mp3 in Resources */,
				262CC2B5256ECF3D002B02B7 /* fsm-team-escp-sail-away.mp3 in Resources */,
				262CC2C1256ECF3D002B02B7 /* fsm-team-open-space.mp3 in Resources */,
				262CC2C3256ECF3D002B02B7 /* fsm-team-escp-lazy-aftermoon.mp3 in Resources */,
			);
			runOnlyForDeploymentPostprocessing = 0;
		};
/* End PBXResourcesBuildPhase section */

/* Begin PBXSourcesBuildPhase section */
		2698DEA5256C61B700C5AF76 /* Sources */ = {
			isa = PBXSourcesBuildPhase;
			buildActionMask = 2147483647;
			files = (
				262CC2CC256EFD5C002B02B7 /* Utils.swift in Sources */,
				2698DEB9256C61BA00C5AF76 /* OpenTunes4.xcdatamodeld in Sources */,
				267A99AA25714CED00E05468 /* PlayerView.swift in Sources */,
				2698DEB6256C61BA00C5AF76 /* Persistence.swift in Sources */,
				267D6F64257C33B900FA4580 /* SearchView.swift in Sources */,
				262CC2CF256EFE6A002B02B7 /* TrackDetailView.swift in Sources */,
				2698DEAF256C61B700C5AF76 /* TrackListView.swift in Sources */,
				2698DEAD256C61B700C5AF76 /* OpenTunes4App.swift in Sources */,
			);
			runOnlyForDeploymentPostprocessing = 0;
		};
/* End PBXSourcesBuildPhase section */

/* Begin XCBuildConfiguration section */
		2698DEBB256C61BA00C5AF76 /* Debug */ = {
			isa = XCBuildConfiguration;
			buildSettings = {
				ALWAYS_SEARCH_USER_PATHS = NO;
				CLANG_ANALYZER_NONNULL = YES;
				CLANG_ANALYZER_NUMBER_OBJECT_CONVERSION = YES_AGGRESSIVE;
				CLANG_CXX_LANGUAGE_STANDARD = "gnu++14";
				CLANG_CXX_LIBRARY = "libc++";
				CLANG_ENABLE_MODULES = YES;
				CLANG_ENABLE_OBJC_ARC = YES;
				CLANG_ENABLE_OBJC_WEAK = YES;
				CLANG_WARN_BLOCK_CAPTURE_AUTORELEASING = YES;
				CLANG_WARN_BOOL_CONVERSION = YES;
				CLANG_WARN_COMMA = YES;
				CLANG_WARN_CONSTANT_CONVERSION = YES;
				CLANG_WARN_DEPRECATED_OBJC_IMPLEMENTATIONS = YES;
				CLANG_WARN_DIRECT_OBJC_ISA_USAGE = YES_ERROR;
				CLANG_WARN_DOCUMENTATION_COMMENTS = YES;
				CLANG_WARN_EMPTY_BODY = YES;
				CLANG_WARN_ENUM_CONVERSION = YES;
				CLANG_WARN_INFINITE_RECURSION = YES;
				CLANG_WARN_INT_CONVERSION = YES;
				CLANG_WARN_NON_LITERAL_NULL_CONVERSION = YES;
				CLANG_WARN_OBJC_IMPLICIT_RETAIN_SELF = YES;
				CLANG_WARN_OBJC_LITERAL_CONVERSION = YES;
				CLANG_WARN_OBJC_ROOT_CLASS = YES_ERROR;
				CLANG_WARN_QUOTED_INCLUDE_IN_FRAMEWORK_HEADER = YES;
				CLANG_WARN_RANGE_LOOP_ANALYSIS = YES;
				CLANG_WARN_STRICT_PROTOTYPES = YES;
				CLANG_WARN_SUSPICIOUS_MOVE = YES;
				CLANG_WARN_UNGUARDED_AVAILABILITY = YES_AGGRESSIVE;
				CLANG_WARN_UNREACHABLE_CODE = YES;
				CLANG_WARN__DUPLICATE_METHOD_MATCH = YES;
				COPY_PHASE_STRIP = NO;
				DEBUG_INFORMATION_FORMAT = dwarf;
				ENABLE_STRICT_OBJC_MSGSEND = YES;
				ENABLE_TESTABILITY = YES;
				GCC_C_LANGUAGE_STANDARD = gnu11;
				GCC_DYNAMIC_NO_PIC = NO;
				GCC_NO_COMMON_BLOCKS = YES;
				GCC_OPTIMIZATION_LEVEL = 0;
				GCC_PREPROCESSOR_DEFINITIONS = (
					"DEBUG=1",
					"$(inherited)",
				);
				GCC_WARN_64_TO_32_BIT_CONVERSION = YES;
				GCC_WARN_ABOUT_RETURN_TYPE = YES_ERROR;
				GCC_WARN_UNDECLARED_SELECTOR = YES;
				GCC_WARN_UNINITIALIZED_AUTOS = YES_AGGRESSIVE;
				GCC_WARN_UNUSED_FUNCTION = YES;
				GCC_WARN_UNUSED_VARIABLE = YES;
				IPHONEOS_DEPLOYMENT_TARGET = 14.2;
				MTL_ENABLE_DEBUG_INFO = INCLUDE_SOURCE;
				MTL_FAST_MATH = YES;
				ONLY_ACTIVE_ARCH = YES;
				SDKROOT = iphoneos;
				SWIFT_ACTIVE_COMPILATION_CONDITIONS = DEBUG;
				SWIFT_OPTIMIZATION_LEVEL = "-Onone";
			};
			name = Debug;
		};
		2698DEBC256C61BA00C5AF76 /* Release */ = {
			isa = XCBuildConfiguration;
			buildSettings = {
				ALWAYS_SEARCH_USER_PATHS = NO;
				CLANG_ANALYZER_NONNULL = YES;
				CLANG_ANALYZER_NUMBER_OBJECT_CONVERSION = YES_AGGRESSIVE;
				CLANG_CXX_LANGUAGE_STANDARD = "gnu++14";
				CLANG_CXX_LIBRARY = "libc++";
				CLANG_ENABLE_MODULES = YES;
				CLANG_ENABLE_OBJC_ARC = YES;
				CLANG_ENABLE_OBJC_WEAK = YES;
				CLANG_WARN_BLOCK_CAPTURE_AUTORELEASING = YES;
				CLANG_WARN_BOOL_CONVERSION = YES;
				CLANG_WARN_COMMA = YES;
				CLANG_WARN_CONSTANT_CONVERSION = YES;
				CLANG_WARN_DEPRECATED_OBJC_IMPLEMENTATIONS = YES;
				CLANG_WARN_DIRECT_OBJC_ISA_USAGE = YES_ERROR;
				CLANG_WARN_DOCUMENTATION_COMMENTS = YES;
				CLANG_WARN_EMPTY_BODY = YES;
				CLANG_WARN_ENUM_CONVERSION = YES;
				CLANG_WARN_INFINITE_RECURSION = YES;
				CLANG_WARN_INT_CONVERSION = YES;
				CLANG_WARN_NON_LITERAL_NULL_CONVERSION = YES;
				CLANG_WARN_OBJC_IMPLICIT_RETAIN_SELF = YES;
				CLANG_WARN_OBJC_LITERAL_CONVERSION = YES;
				CLANG_WARN_OBJC_ROOT_CLASS = YES_ERROR;
				CLANG_WARN_QUOTED_INCLUDE_IN_FRAMEWORK_HEADER = YES;
				CLANG_WARN_RANGE_LOOP_ANALYSIS = YES;
				CLANG_WARN_STRICT_PROTOTYPES = YES;
				CLANG_WARN_SUSPICIOUS_MOVE = YES;
				CLANG_WARN_UNGUARDED_AVAILABILITY = YES_AGGRESSIVE;
				CLANG_WARN_UNREACHABLE_CODE = YES;
				CLANG_WARN__DUPLICATE_METHOD_MATCH = YES;
				COPY_PHASE_STRIP = NO;
				DEBUG_INFORMATION_FORMAT = "dwarf-with-dsym";
				ENABLE_NS_ASSERTIONS = NO;
				ENABLE_STRICT_OBJC_MSGSEND = YES;
				GCC_C_LANGUAGE_STANDARD = gnu11;
				GCC_NO_COMMON_BLOCKS = YES;
				GCC_WARN_64_TO_32_BIT_CONVERSION = YES;
				GCC_WARN_ABOUT_RETURN_TYPE = YES_ERROR;
				GCC_WARN_UNDECLARED_SELECTOR = YES;
				GCC_WARN_UNINITIALIZED_AUTOS = YES_AGGRESSIVE;
				GCC_WARN_UNUSED_FUNCTION = YES;
				GCC_WARN_UNUSED_VARIABLE = YES;
				IPHONEOS_DEPLOYMENT_TARGET = 14.2;
				MTL_ENABLE_DEBUG_INFO = NO;
				MTL_FAST_MATH = YES;
				SDKROOT = iphoneos;
				SWIFT_COMPILATION_MODE = wholemodule;
				SWIFT_OPTIMIZATION_LEVEL = "-O";
				VALIDATE_PRODUCT = YES;
			};
			name = Release;
		};
		2698DEBE256C61BA00C5AF76 /* Debug */ = {
			isa = XCBuildConfiguration;
			buildSettings = {
				ASSETCATALOG_COMPILER_APPICON_NAME = AppIcon;
				ASSETCATALOG_COMPILER_GLOBAL_ACCENT_COLOR_NAME = AccentColor;
				CODE_SIGN_STYLE = Automatic;
				DEVELOPMENT_ASSET_PATHS = "\"OpenTunes4/Preview Content\"";
				DEVELOPMENT_TEAM = 586FC9QTTJ;
				ENABLE_PREVIEWS = YES;
				INFOPLIST_FILE = OpenTunes4/Info.plist;
				IPHONEOS_DEPLOYMENT_TARGET = 14.0;
				LD_RUNPATH_SEARCH_PATHS = (
					"$(inherited)",
					"@executable_path/Frameworks",
				);
				PRODUCT_BUNDLE_IDENTIFIER = net.opentunes.OpenTunes4;
				PRODUCT_NAME = "$(TARGET_NAME)";
				SWIFT_VERSION = 5.0;
				TARGETED_DEVICE_FAMILY = "1,2";
			};
			name = Debug;
		};
		2698DEBF256C61BA00C5AF76 /* Release */ = {
			isa = XCBuildConfiguration;
			buildSettings = {
				ASSETCATALOG_COMPILER_APPICON_NAME = AppIcon;
				ASSETCATALOG_COMPILER_GLOBAL_ACCENT_COLOR_NAME = AccentColor;
				CODE_SIGN_STYLE = Automatic;
				DEVELOPMENT_ASSET_PATHS = "\"OpenTunes4/Preview Content\"";
				DEVELOPMENT_TEAM = 586FC9QTTJ;
				ENABLE_PREVIEWS = YES;
				INFOPLIST_FILE = OpenTunes4/Info.plist;
				IPHONEOS_DEPLOYMENT_TARGET = 14.0;
				LD_RUNPATH_SEARCH_PATHS = (
					"$(inherited)",
					"@executable_path/Frameworks",
				);
				PRODUCT_BUNDLE_IDENTIFIER = net.opentunes.OpenTunes4;
				PRODUCT_NAME = "$(TARGET_NAME)";
				SWIFT_VERSION = 5.0;
				TARGETED_DEVICE_FAMILY = "1,2";
			};
			name = Release;
		};
/* End XCBuildConfiguration section */

/* Begin XCConfigurationList section */
		2698DEA4256C61B700C5AF76 /* Build configuration list for PBXProject "OpenTunes4" */ = {
			isa = XCConfigurationList;
			buildConfigurations = (
				2698DEBB256C61BA00C5AF76 /* Debug */,
				2698DEBC256C61BA00C5AF76 /* Release */,
			);
			defaultConfigurationIsVisible = 0;
			defaultConfigurationName = Release;
		};
		2698DEBD256C61BA00C5AF76 /* Build configuration list for PBXNativeTarget "OpenTunes4" */ = {
			isa = XCConfigurationList;
			buildConfigurations = (
				2698DEBE256C61BA00C5AF76 /* Debug */,
				2698DEBF256C61BA00C5AF76 /* Release */,
			);
			defaultConfigurationIsVisible = 0;
			defaultConfigurationName = Release;
		};
/* End XCConfigurationList section */

/* Begin XCVersionGroup section */
		2698DEB7256C61BA00C5AF76 /* OpenTunes4.xcdatamodeld */ = {
			isa = XCVersionGroup;
			children = (
				2698DEB8256C61BA00C5AF76 /* OpenTunes4.xcdatamodel */,
			);
			currentVersion = 2698DEB8256C61BA00C5AF76 /* OpenTunes4.xcdatamodel */;
			path = OpenTunes4.xcdatamodeld;
			sourceTree = "<group>";
			versionGroupType = wrapper.xcdatamodel;
		};
/* End XCVersionGroup section */
	};
	rootObject = 2698DEA1256C61B700C5AF76 /* Project object */;
}
