// !$*UTF8*$!
{
	archiveVersion = 1;
	classes = {
	};
	objectVersion = 50;
	objects = {

/* Begin PBXBuildFile section */
		2698DEAD256C61B700C5AF76 /* OpenTunes4App.swift in Sources */ = {isa = PBXBuildFile; fileRef = 2698DEAC256C61B700C5AF76 /* OpenTunes4App.swift */; };
		2698DEAF256C61B700C5AF76 /* ContentView.swift in Sources */ = {isa = PBXBuildFile; fileRef = 2698DEAE256C61B700C5AF76 /* ContentView.swift */; };
		2698DEB1256C61BA00C5AF76 /* Assets.xcassets in Resources */ = {isa = PBXBuildFile; fileRef = 2698DEB0256C61BA00C5AF76 /* Assets.xcassets */; };
		2698DEB4256C61BA00C5AF76 /* Preview Assets.xcassets in Resources */ = {isa = PBXBuildFile; fileRef = 2698DEB3256C61BA00C5AF76 /* Preview Assets.xcassets */; };
		2698DEB6256C61BA00C5AF76 /* Persistence.swift in Sources */ = {isa = PBXBuildFile; fileRef = 2698DEB5256C61BA00C5AF76 /* Persistence.swift */; };
		2698DEB9256C61BA00C5AF76 /* OpenTunes4.xcdatamodeld in Sources */ = {isa = PBXBuildFile; fileRef = 2698DEB7256C61BA00C5AF76 /* OpenTunes4.xcdatamodeld */; };
		26DCCD2B256DAC3B00865512 /* fsm-team-open-space.mp3 in Resources */ = {isa = PBXBuildFile; fileRef = 26DCCD0C256DAC3600865512 /* fsm-team-open-space.mp3 */; };
		26DCCD2C256DAC3B00865512 /* fsm-team-above-the-clouds.mp3 in Resources */ = {isa = PBXBuildFile; fileRef = 26DCCD0D256DAC3600865512 /* fsm-team-above-the-clouds.mp3 */; };
		26DCCD2D256DAC3B00865512 /* fsm-team-escp-dreamwalking.mp3 in Resources */ = {isa = PBXBuildFile; fileRef = 26DCCD0E256DAC3600865512 /* fsm-team-escp-dreamwalking.mp3 */; };
		26DCCD2E256DAC3B00865512 /* fsm-team-time-rider.mp3 in Resources */ = {isa = PBXBuildFile; fileRef = 26DCCD0F256DAC3700865512 /* fsm-team-time-rider.mp3 */; };
		26DCCD2F256DAC3B00865512 /* fsm-team-escp-work-sleep-repeat.mp3 in Resources */ = {isa = PBXBuildFile; fileRef = 26DCCD10256DAC3700865512 /* fsm-team-escp-work-sleep-repeat.mp3 */; };
		26DCCD30256DAC3B00865512 /* fsm-team-synthetic.mp3 in Resources */ = {isa = PBXBuildFile; fileRef = 26DCCD11256DAC3700865512 /* fsm-team-synthetic.mp3 */; };
		26DCCD31256DAC3B00865512 /* fsm-team-escp-hello-night.mp3 in Resources */ = {isa = PBXBuildFile; fileRef = 26DCCD12256DAC3700865512 /* fsm-team-escp-hello-night.mp3 */; };
		26DCCD32256DAC3B00865512 /* fsm-team-over-the-ocean.mp3 in Resources */ = {isa = PBXBuildFile; fileRef = 26DCCD13256DAC3700865512 /* fsm-team-over-the-ocean.mp3 */; };
		26DCCD33256DAC3B00865512 /* fsm-team-escp-lost-in-sargam.mp3 in Resources */ = {isa = PBXBuildFile; fileRef = 26DCCD14256DAC3700865512 /* fsm-team-escp-lost-in-sargam.mp3 */; };
		26DCCD34256DAC3B00865512 /* fsm-team-sunny-morning.mp3 in Resources */ = {isa = PBXBuildFile; fileRef = 26DCCD15256DAC3800865512 /* fsm-team-sunny-morning.mp3 */; };
		26DCCD35256DAC3B00865512 /* fsm-team-escp-sail-away.mp3 in Resources */ = {isa = PBXBuildFile; fileRef = 26DCCD16256DAC3800865512 /* fsm-team-escp-sail-away.mp3 */; };
		26DCCD36256DAC3B00865512 /* fsm-team-sun-and-clouds.mp3 in Resources */ = {isa = PBXBuildFile; fileRef = 26DCCD17256DAC3800865512 /* fsm-team-sun-and-clouds.mp3 */; };
		26DCCD37256DAC3B00865512 /* fsm-team-escp-infinite.mp3 in Resources */ = {isa = PBXBuildFile; fileRef = 26DCCD18256DAC3800865512 /* fsm-team-escp-infinite.mp3 */; };
		26DCCD38256DAC3B00865512 /* fsm-team-upbeat.mp3 in Resources */ = {isa = PBXBuildFile; fileRef = 26DCCD19256DAC3800865512 /* fsm-team-upbeat.mp3 */; };
		26DCCD39256DAC3B00865512 /* fsm-team-banger.mp3 in Resources */ = {isa = PBXBuildFile; fileRef = 26DCCD1A256DAC3900865512 /* fsm-team-banger.mp3 */; };
		26DCCD3A256DAC3B00865512 /* fsm-team-uplifting.mp3 in Resources */ = {isa = PBXBuildFile; fileRef = 26DCCD1B256DAC3900865512 /* fsm-team-uplifting.mp3 */; };
		26DCCD3B256DAC3B00865512 /* fsm-team-single-room-airfield-view.mp3 in Resources */ = {isa = PBXBuildFile; fileRef = 26DCCD1C256DAC3900865512 /* fsm-team-single-room-airfield-view.mp3 */; };
		26DCCD3C256DAC3B00865512 /* fsm-team-escp-neo-noir.jpg in Resources */ = {isa = PBXBuildFile; fileRef = 26DCCD1D256DAC3900865512 /* fsm-team-escp-neo-noir.jpg */; };
		26DCCD3D256DAC3B00865512 /* fsm-team-escp-parallel-synthesis.mp3 in Resources */ = {isa = PBXBuildFile; fileRef = 26DCCD1E256DAC3900865512 /* fsm-team-escp-parallel-synthesis.mp3 */; };
		26DCCD3E256DAC3B00865512 /* fsm-team-escp-water-skiing.mp3 in Resources */ = {isa = PBXBuildFile; fileRef = 26DCCD1F256DAC3900865512 /* fsm-team-escp-water-skiing.mp3 */; };
		26DCCD3F256DAC3B00865512 /* fsm-team-escp-through-the-waves.mp3 in Resources */ = {isa = PBXBuildFile; fileRef = 26DCCD20256DAC3900865512 /* fsm-team-escp-through-the-waves.mp3 */; };
		26DCCD40256DAC3B00865512 /* fsm-team-escp-goodbye-ocean.mp3 in Resources */ = {isa = PBXBuildFile; fileRef = 26DCCD21256DAC3A00865512 /* fsm-team-escp-goodbye-ocean.mp3 */; };
		26DCCD41256DAC3B00865512 /* fsm-team-escp-lazy-aftermoon.mp3 in Resources */ = {isa = PBXBuildFile; fileRef = 26DCCD22256DAC3A00865512 /* fsm-team-escp-lazy-aftermoon.mp3 */; };
		26DCCD42256DAC3B00865512 /* fsm-team-escp-astronaut-in-a-submarine.mp3 in Resources */ = {isa = PBXBuildFile; fileRef = 26DCCD23256DAC3A00865512 /* fsm-team-escp-astronaut-in-a-submarine.mp3 */; };
		26DCCD43256DAC3B00865512 /* fsm-team-escp-neo-noir.mp3 in Resources */ = {isa = PBXBuildFile; fileRef = 26DCCD24256DAC3A00865512 /* fsm-team-escp-neo-noir.mp3 */; };
		26DCCD44256DAC3B00865512 /* fsm-team-back-home.mp3 in Resources */ = {isa = PBXBuildFile; fileRef = 26DCCD25256DAC3A00865512 /* fsm-team-back-home.mp3 */; };
		26DCCD45256DAC3B00865512 /* fsm-team-escp-lucid-dreaming.mp3 in Resources */ = {isa = PBXBuildFile; fileRef = 26DCCD26256DAC3A00865512 /* fsm-team-escp-lucid-dreaming.mp3 */; };
		26DCCD46256DAC3B00865512 /* fsm-team-stay-positive.mp3 in Resources */ = {isa = PBXBuildFile; fileRef = 26DCCD27256DAC3A00865512 /* fsm-team-stay-positive.mp3 */; };
		26DCCD47256DAC3B00865512 /* fsm-team-nightwalker.mp3 in Resources */ = {isa = PBXBuildFile; fileRef = 26DCCD28256DAC3B00865512 /* fsm-team-nightwalker.mp3 */; };
		26DCCD48256DAC3B00865512 /* fsm-team-escp-ambivert.mp3 in Resources */ = {isa = PBXBuildFile; fileRef = 26DCCD29256DAC3B00865512 /* fsm-team-escp-ambivert.mp3 */; };
		26DCCD49256DAC3B00865512 /* fsm-team-the-city.mp3 in Resources */ = {isa = PBXBuildFile; fileRef = 26DCCD2A256DAC3B00865512 /* fsm-team-the-city.mp3 */; };
/* End PBXBuildFile section */

/* Begin PBXFileReference section */
		2698DEA9256C61B700C5AF76 /* OpenTunes4.app */ = {isa = PBXFileReference; explicitFileType = wrapper.application; includeInIndex = 0; path = OpenTunes4.app; sourceTree = BUILT_PRODUCTS_DIR; };
		2698DEAC256C61B700C5AF76 /* OpenTunes4App.swift */ = {isa = PBXFileReference; lastKnownFileType = sourcecode.swift; path = OpenTunes4App.swift; sourceTree = "<group>"; };
		2698DEAE256C61B700C5AF76 /* ContentView.swift */ = {isa = PBXFileReference; lastKnownFileType = sourcecode.swift; path = ContentView.swift; sourceTree = "<group>"; };
		2698DEB0256C61BA00C5AF76 /* Assets.xcassets */ = {isa = PBXFileReference; lastKnownFileType = folder.assetcatalog; path = Assets.xcassets; sourceTree = "<group>"; };
		2698DEB3256C61BA00C5AF76 /* Preview Assets.xcassets */ = {isa = PBXFileReference; lastKnownFileType = folder.assetcatalog; path = "Preview Assets.xcassets"; sourceTree = "<group>"; };
		2698DEB5256C61BA00C5AF76 /* Persistence.swift */ = {isa = PBXFileReference; lastKnownFileType = sourcecode.swift; path = Persistence.swift; sourceTree = "<group>"; };
		2698DEB8256C61BA00C5AF76 /* OpenTunes4.xcdatamodel */ = {isa = PBXFileReference; lastKnownFileType = wrapper.xcdatamodel; path = OpenTunes4.xcdatamodel; sourceTree = "<group>"; };
		2698DEBA256C61BA00C5AF76 /* Info.plist */ = {isa = PBXFileReference; lastKnownFileType = text.plist.xml; path = Info.plist; sourceTree = "<group>"; };
		26DCCD0C256DAC3600865512 /* fsm-team-open-space.mp3 */ = {isa = PBXFileReference; lastKnownFileType = audio.mp3; path = "fsm-team-open-space.mp3"; sourceTree = "<group>"; };
		26DCCD0D256DAC3600865512 /* fsm-team-above-the-clouds.mp3 */ = {isa = PBXFileReference; lastKnownFileType = audio.mp3; path = "fsm-team-above-the-clouds.mp3"; sourceTree = "<group>"; };
		26DCCD0E256DAC3600865512 /* fsm-team-escp-dreamwalking.mp3 */ = {isa = PBXFileReference; lastKnownFileType = audio.mp3; path = "fsm-team-escp-dreamwalking.mp3"; sourceTree = "<group>"; };
		26DCCD0F256DAC3700865512 /* fsm-team-time-rider.mp3 */ = {isa = PBXFileReference; lastKnownFileType = audio.mp3; path = "fsm-team-time-rider.mp3"; sourceTree = "<group>"; };
		26DCCD10256DAC3700865512 /* fsm-team-escp-work-sleep-repeat.mp3 */ = {isa = PBXFileReference; lastKnownFileType = audio.mp3; path = "fsm-team-escp-work-sleep-repeat.mp3"; sourceTree = "<group>"; };
		26DCCD11256DAC3700865512 /* fsm-team-synthetic.mp3 */ = {isa = PBXFileReference; lastKnownFileType = audio.mp3; path = "fsm-team-synthetic.mp3"; sourceTree = "<group>"; };
		26DCCD12256DAC3700865512 /* fsm-team-escp-hello-night.mp3 */ = {isa = PBXFileReference; lastKnownFileType = audio.mp3; path = "fsm-team-escp-hello-night.mp3"; sourceTree = "<group>"; };
		26DCCD13256DAC3700865512 /* fsm-team-over-the-ocean.mp3 */ = {isa = PBXFileReference; lastKnownFileType = audio.mp3; path = "fsm-team-over-the-ocean.mp3"; sourceTree = "<group>"; };
		26DCCD14256DAC3700865512 /* fsm-team-escp-lost-in-sargam.mp3 */ = {isa = PBXFileReference; lastKnownFileType = audio.mp3; path = "fsm-team-escp-lost-in-sargam.mp3"; sourceTree = "<group>"; };
		26DCCD15256DAC3800865512 /* fsm-team-sunny-morning.mp3 */ = {isa = PBXFileReference; lastKnownFileType = audio.mp3; path = "fsm-team-sunny-morning.mp3"; sourceTree = "<group>"; };
		26DCCD16256DAC3800865512 /* fsm-team-escp-sail-away.mp3 */ = {isa = PBXFileReference; lastKnownFileType = audio.mp3; path = "fsm-team-escp-sail-away.mp3"; sourceTree = "<group>"; };
		26DCCD17256DAC3800865512 /* fsm-team-sun-and-clouds.mp3 */ = {isa = PBXFileReference; lastKnownFileType = audio.mp3; path = "fsm-team-sun-and-clouds.mp3"; sourceTree = "<group>"; };
		26DCCD18256DAC3800865512 /* fsm-team-escp-infinite.mp3 */ = {isa = PBXFileReference; lastKnownFileType = audio.mp3; path = "fsm-team-escp-infinite.mp3"; sourceTree = "<group>"; };
		26DCCD19256DAC3800865512 /* fsm-team-upbeat.mp3 */ = {isa = PBXFileReference; lastKnownFileType = audio.mp3; path = "fsm-team-upbeat.mp3"; sourceTree = "<group>"; };
		26DCCD1A256DAC3900865512 /* fsm-team-banger.mp3 */ = {isa = PBXFileReference; lastKnownFileType = audio.mp3; path = "fsm-team-banger.mp3"; sourceTree = "<group>"; };
		26DCCD1B256DAC3900865512 /* fsm-team-uplifting.mp3 */ = {isa = PBXFileReference; lastKnownFileType = audio.mp3; path = "fsm-team-uplifting.mp3"; sourceTree = "<group>"; };
		26DCCD1C256DAC3900865512 /* fsm-team-single-room-airfield-view.mp3 */ = {isa = PBXFileReference; lastKnownFileType = audio.mp3; path = "fsm-team-single-room-airfield-view.mp3"; sourceTree = "<group>"; };
		26DCCD1D256DAC3900865512 /* fsm-team-escp-neo-noir.jpg */ = {isa = PBXFileReference; lastKnownFileType = image.jpeg; path = "fsm-team-escp-neo-noir.jpg"; sourceTree = "<group>"; };
		26DCCD1E256DAC3900865512 /* fsm-team-escp-parallel-synthesis.mp3 */ = {isa = PBXFileReference; lastKnownFileType = audio.mp3; path = "fsm-team-escp-parallel-synthesis.mp3"; sourceTree = "<group>"; };
		26DCCD1F256DAC3900865512 /* fsm-team-escp-water-skiing.mp3 */ = {isa = PBXFileReference; lastKnownFileType = audio.mp3; path = "fsm-team-escp-water-skiing.mp3"; sourceTree = "<group>"; };
		26DCCD20256DAC3900865512 /* fsm-team-escp-through-the-waves.mp3 */ = {isa = PBXFileReference; lastKnownFileType = audio.mp3; path = "fsm-team-escp-through-the-waves.mp3"; sourceTree = "<group>"; };
		26DCCD21256DAC3A00865512 /* fsm-team-escp-goodbye-ocean.mp3 */ = {isa = PBXFileReference; lastKnownFileType = audio.mp3; path = "fsm-team-escp-goodbye-ocean.mp3"; sourceTree = "<group>"; };
		26DCCD22256DAC3A00865512 /* fsm-team-escp-lazy-aftermoon.mp3 */ = {isa = PBXFileReference; lastKnownFileType = audio.mp3; path = "fsm-team-escp-lazy-aftermoon.mp3"; sourceTree = "<group>"; };
		26DCCD23256DAC3A00865512 /* fsm-team-escp-astronaut-in-a-submarine.mp3 */ = {isa = PBXFileReference; lastKnownFileType = audio.mp3; path = "fsm-team-escp-astronaut-in-a-submarine.mp3"; sourceTree = "<group>"; };
		26DCCD24256DAC3A00865512 /* fsm-team-escp-neo-noir.mp3 */ = {isa = PBXFileReference; lastKnownFileType = audio.mp3; path = "fsm-team-escp-neo-noir.mp3"; sourceTree = "<group>"; };
		26DCCD25256DAC3A00865512 /* fsm-team-back-home.mp3 */ = {isa = PBXFileReference; lastKnownFileType = audio.mp3; path = "fsm-team-back-home.mp3"; sourceTree = "<group>"; };
		26DCCD26256DAC3A00865512 /* fsm-team-escp-lucid-dreaming.mp3 */ = {isa = PBXFileReference; lastKnownFileType = audio.mp3; path = "fsm-team-escp-lucid-dreaming.mp3"; sourceTree = "<group>"; };
		26DCCD27256DAC3A00865512 /* fsm-team-stay-positive.mp3 */ = {isa = PBXFileReference; lastKnownFileType = audio.mp3; path = "fsm-team-stay-positive.mp3"; sourceTree = "<group>"; };
		26DCCD28256DAC3B00865512 /* fsm-team-nightwalker.mp3 */ = {isa = PBXFileReference; lastKnownFileType = audio.mp3; path = "fsm-team-nightwalker.mp3"; sourceTree = "<group>"; };
		26DCCD29256DAC3B00865512 /* fsm-team-escp-ambivert.mp3 */ = {isa = PBXFileReference; lastKnownFileType = audio.mp3; path = "fsm-team-escp-ambivert.mp3"; sourceTree = "<group>"; };
		26DCCD2A256DAC3B00865512 /* fsm-team-the-city.mp3 */ = {isa = PBXFileReference; lastKnownFileType = audio.mp3; path = "fsm-team-the-city.mp3"; sourceTree = "<group>"; };
/* End PBXFileReference section */

/* Begin PBXFrameworksBuildPhase section */
		2698DEA6256C61B700C5AF76 /* Frameworks */ = {
			isa = PBXFrameworksBuildPhase;
			buildActionMask = 2147483647;
			files = (
			);
			runOnlyForDeploymentPostprocessing = 0;
		};
/* End PBXFrameworksBuildPhase section */

/* Begin PBXGroup section */
		2698DEA0256C61B700C5AF76 = {
			isa = PBXGroup;
			children = (
				2698DEAB256C61B700C5AF76 /* OpenTunes4 */,
				2698DEAA256C61B700C5AF76 /* Products */,
			);
			sourceTree = "<group>";
		};
		2698DEAA256C61B700C5AF76 /* Products */ = {
			isa = PBXGroup;
			children = (
				2698DEA9256C61B700C5AF76 /* OpenTunes4.app */,
			);
			name = Products;
			sourceTree = "<group>";
		};
		2698DEAB256C61B700C5AF76 /* OpenTunes4 */ = {
			isa = PBXGroup;
			children = (
				26DCCD0A256DA68200865512 /* Music.bundle */,
				2698DEAC256C61B700C5AF76 /* OpenTunes4App.swift */,
				2698DEAE256C61B700C5AF76 /* ContentView.swift */,
				2698DEB0256C61BA00C5AF76 /* Assets.xcassets */,
				2698DEB5256C61BA00C5AF76 /* Persistence.swift */,
				2698DEBA256C61BA00C5AF76 /* Info.plist */,
				2698DEB7256C61BA00C5AF76 /* OpenTunes4.xcdatamodeld */,
				2698DEB2256C61BA00C5AF76 /* Preview Content */,
			);
			path = OpenTunes4;
			sourceTree = "<group>";
		};
		2698DEB2256C61BA00C5AF76 /* Preview Content */ = {
			isa = PBXGroup;
			children = (
				2698DEB3256C61BA00C5AF76 /* Preview Assets.xcassets */,
			);
			path = "Preview Content";
			sourceTree = "<group>";
		};
		26DCCD0A256DA68200865512 /* Music.bundle */ = {
			isa = PBXGroup;
			children = (
				26DCCD0D256DAC3600865512 /* fsm-team-above-the-clouds.mp3 */,
				26DCCD25256DAC3A00865512 /* fsm-team-back-home.mp3 */,
				26DCCD1A256DAC3900865512 /* fsm-team-banger.mp3 */,
				26DCCD29256DAC3B00865512 /* fsm-team-escp-ambivert.mp3 */,
				26DCCD23256DAC3A00865512 /* fsm-team-escp-astronaut-in-a-submarine.mp3 */,
				26DCCD0E256DAC3600865512 /* fsm-team-escp-dreamwalking.mp3 */,
				26DCCD21256DAC3A00865512 /* fsm-team-escp-goodbye-ocean.mp3 */,
				26DCCD12256DAC3700865512 /* fsm-team-escp-hello-night.mp3 */,
				26DCCD18256DAC3800865512 /* fsm-team-escp-infinite.mp3 */,
				26DCCD22256DAC3A00865512 /* fsm-team-escp-lazy-aftermoon.mp3 */,
				26DCCD14256DAC3700865512 /* fsm-team-escp-lost-in-sargam.mp3 */,
				26DCCD26256DAC3A00865512 /* fsm-team-escp-lucid-dreaming.mp3 */,
				26DCCD1D256DAC3900865512 /* fsm-team-escp-neo-noir.jpg */,
				26DCCD24256DAC3A00865512 /* fsm-team-escp-neo-noir.mp3 */,
				26DCCD1E256DAC3900865512 /* fsm-team-escp-parallel-synthesis.mp3 */,
				26DCCD16256DAC3800865512 /* fsm-team-escp-sail-away.mp3 */,
				26DCCD20256DAC3900865512 /* fsm-team-escp-through-the-waves.mp3 */,
				26DCCD1F256DAC3900865512 /* fsm-team-escp-water-skiing.mp3 */,
				26DCCD10256DAC3700865512 /* fsm-team-escp-work-sleep-repeat.mp3 */,
				26DCCD28256DAC3B00865512 /* fsm-team-nightwalker.mp3 */,
				26DCCD0C256DAC3600865512 /* fsm-team-open-space.mp3 */,
				26DCCD13256DAC3700865512 /* fsm-team-over-the-ocean.mp3 */,
				26DCCD1C256DAC3900865512 /* fsm-team-single-room-airfield-view.mp3 */,
				26DCCD27256DAC3A00865512 /* fsm-team-stay-positive.mp3 */,
				26DCCD17256DAC3800865512 /* fsm-team-sun-and-clouds.mp3 */,
				26DCCD15256DAC3800865512 /* fsm-team-sunny-morning.mp3 */,
				26DCCD11256DAC3700865512 /* fsm-team-synthetic.mp3 */,
				26DCCD2A256DAC3B00865512 /* fsm-team-the-city.mp3 */,
				26DCCD0F256DAC3700865512 /* fsm-team-time-rider.mp3 */,
				26DCCD19256DAC3800865512 /* fsm-team-upbeat.mp3 */,
				26DCCD1B256DAC3900865512 /* fsm-team-uplifting.mp3 */,
			);
			path = Music.bundle;
			sourceTree = "<group>";
		};
/* End PBXGroup section */

/* Begin PBXNativeTarget section */
		2698DEA8256C61B700C5AF76 /* OpenTunes4 */ = {
			isa = PBXNativeTarget;
			buildConfigurationList = 2698DEBD256C61BA00C5AF76 /* Build configuration list for PBXNativeTarget "OpenTunes4" */;
			buildPhases = (
				2698DEA5256C61B700C5AF76 /* Sources */,
				2698DEA6256C61B700C5AF76 /* Frameworks */,
				2698DEA7256C61B700C5AF76 /* Resources */,
			);
			buildRules = (
			);
			dependencies = (
			);
			name = OpenTunes4;
			productName = OpenTunes4;
			productReference = 2698DEA9256C61B700C5AF76 /* OpenTunes4.app */;
			productType = "com.apple.product-type.application";
		};
/* End PBXNativeTarget section */

/* Begin PBXProject section */
		2698DEA1256C61B700C5AF76 /* Project object */ = {
			isa = PBXProject;
			attributes = {
				LastSwiftUpdateCheck = 1220;
				LastUpgradeCheck = 1220;
				TargetAttributes = {
					2698DEA8256C61B700C5AF76 = {
						CreatedOnToolsVersion = 12.2;
					};
				};
			};
			buildConfigurationList = 2698DEA4256C61B700C5AF76 /* Build configuration list for PBXProject "OpenTunes4" */;
			compatibilityVersion = "Xcode 9.3";
			developmentRegion = en;
			hasScannedForEncodings = 0;
			knownRegions = (
				en,
				Base,
			);
			mainGroup = 2698DEA0256C61B700C5AF76;
			productRefGroup = 2698DEAA256C61B700C5AF76 /* Products */;
			projectDirPath = "";
			projectRoot = "";
			targets = (
				2698DEA8256C61B700C5AF76 /* OpenTunes4 */,
			);
		};
/* End PBXProject section */

/* Begin PBXResourcesBuildPhase section */
		2698DEA7256C61B700C5AF76 /* Resources */ = {
			isa = PBXResourcesBuildPhase;
			buildActionMask = 2147483647;
			files = (
				26DCCD40256DAC3B00865512 /* fsm-team-escp-goodbye-ocean.mp3 in Resources */,
				26DCCD47256DAC3B00865512 /* fsm-team-nightwalker.mp3 in Resources */,
				26DCCD2C256DAC3B00865512 /* fsm-team-above-the-clouds.mp3 in Resources */,
				26DCCD2D256DAC3B00865512 /* fsm-team-escp-dreamwalking.mp3 in Resources */,
				26DCCD35256DAC3B00865512 /* fsm-team-escp-sail-away.mp3 in Resources */,
				26DCCD2F256DAC3B00865512 /* fsm-team-escp-work-sleep-repeat.mp3 in Resources */,
				26DCCD42256DAC3B00865512 /* fsm-team-escp-astronaut-in-a-submarine.mp3 in Resources */,
				26DCCD32256DAC3B00865512 /* fsm-team-over-the-ocean.mp3 in Resources */,
				26DCCD43256DAC3B00865512 /* fsm-team-escp-neo-noir.mp3 in Resources */,
				26DCCD2B256DAC3B00865512 /* fsm-team-open-space.mp3 in Resources */,
				26DCCD39256DAC3B00865512 /* fsm-team-banger.mp3 in Resources */,
				26DCCD44256DAC3B00865512 /* fsm-team-back-home.mp3 in Resources */,
				26DCCD3C256DAC3B00865512 /* fsm-team-escp-neo-noir.jpg in Resources */,
				26DCCD49256DAC3B00865512 /* fsm-team-the-city.mp3 in Resources */,
				2698DEB4256C61BA00C5AF76 /* Preview Assets.xcassets in Resources */,
				26DCCD3B256DAC3B00865512 /* fsm-team-single-room-airfield-view.mp3 in Resources */,
				26DCCD2E256DAC3B00865512 /* fsm-team-time-rider.mp3 in Resources */,
				26DCCD34256DAC3B00865512 /* fsm-team-sunny-morning.mp3 in Resources */,
				26DCCD48256DAC3B00865512 /* fsm-team-escp-ambivert.mp3 in Resources */,
				26DCCD38256DAC3B00865512 /* fsm-team-upbeat.mp3 in Resources */,
				26DCCD3F256DAC3B00865512 /* fsm-team-escp-through-the-waves.mp3 in Resources */,
				26DCCD46256DAC3B00865512 /* fsm-team-stay-positive.mp3 in Resources */,
				26DCCD30256DAC3B00865512 /* fsm-team-synthetic.mp3 in Resources */,
				26DCCD33256DAC3B00865512 /* fsm-team-escp-lost-in-sargam.mp3 in Resources */,
				26DCCD3A256DAC3B00865512 /* fsm-team-uplifting.mp3 in Resources */,
				26DCCD31256DAC3B00865512 /* fsm-team-escp-hello-night.mp3 in Resources */,
				26DCCD37256DAC3B00865512 /* fsm-team-escp-infinite.mp3 in Resources */,
				26DCCD3E256DAC3B00865512 /* fsm-team-escp-water-skiing.mp3 in Resources */,
				2698DEB1256C61BA00C5AF76 /* Assets.xcassets in Resources */,
				26DCCD36256DAC3B00865512 /* fsm-team-sun-and-clouds.mp3 in Resources */,
				26DCCD3D256DAC3B00865512 /* fsm-team-escp-parallel-synthesis.mp3 in Resources */,
				26DCCD45256DAC3B00865512 /* fsm-team-escp-lucid-dreaming.mp3 in Resources */,
				26DCCD41256DAC3B00865512 /* fsm-team-escp-lazy-aftermoon.mp3 in Resources */,
			);
			runOnlyForDeploymentPostprocessing = 0;
		};
/* End PBXResourcesBuildPhase section */

/* Begin PBXSourcesBuildPhase section */
		2698DEA5256C61B700C5AF76 /* Sources */ = {
			isa = PBXSourcesBuildPhase;
			buildActionMask = 2147483647;
			files = (
				2698DEB9256C61BA00C5AF76 /* OpenTunes4.xcdatamodeld in Sources */,
				2698DEB6256C61BA00C5AF76 /* Persistence.swift in Sources */,
				2698DEAF256C61B700C5AF76 /* ContentView.swift in Sources */,
				2698DEAD256C61B700C5AF76 /* OpenTunes4App.swift in Sources */,
			);
			runOnlyForDeploymentPostprocessing = 0;
		};
/* End PBXSourcesBuildPhase section */

/* Begin XCBuildConfiguration section */
		2698DEBB256C61BA00C5AF76 /* Debug */ = {
			isa = XCBuildConfiguration;
			buildSettings = {
				ALWAYS_SEARCH_USER_PATHS = NO;
				CLANG_ANALYZER_NONNULL = YES;
				CLANG_ANALYZER_NUMBER_OBJECT_CONVERSION = YES_AGGRESSIVE;
				CLANG_CXX_LANGUAGE_STANDARD = "gnu++14";
				CLANG_CXX_LIBRARY = "libc++";
				CLANG_ENABLE_MODULES = YES;
				CLANG_ENABLE_OBJC_ARC = YES;
				CLANG_ENABLE_OBJC_WEAK = YES;
				CLANG_WARN_BLOCK_CAPTURE_AUTORELEASING = YES;
				CLANG_WARN_BOOL_CONVERSION = YES;
				CLANG_WARN_COMMA = YES;
				CLANG_WARN_CONSTANT_CONVERSION = YES;
				CLANG_WARN_DEPRECATED_OBJC_IMPLEMENTATIONS = YES;
				CLANG_WARN_DIRECT_OBJC_ISA_USAGE = YES_ERROR;
				CLANG_WARN_DOCUMENTATION_COMMENTS = YES;
				CLANG_WARN_EMPTY_BODY = YES;
				CLANG_WARN_ENUM_CONVERSION = YES;
				CLANG_WARN_INFINITE_RECURSION = YES;
				CLANG_WARN_INT_CONVERSION = YES;
				CLANG_WARN_NON_LITERAL_NULL_CONVERSION = YES;
				CLANG_WARN_OBJC_IMPLICIT_RETAIN_SELF = YES;
				CLANG_WARN_OBJC_LITERAL_CONVERSION = YES;
				CLANG_WARN_OBJC_ROOT_CLASS = YES_ERROR;
				CLANG_WARN_QUOTED_INCLUDE_IN_FRAMEWORK_HEADER = YES;
				CLANG_WARN_RANGE_LOOP_ANALYSIS = YES;
				CLANG_WARN_STRICT_PROTOTYPES = YES;
				CLANG_WARN_SUSPICIOUS_MOVE = YES;
				CLANG_WARN_UNGUARDED_AVAILABILITY = YES_AGGRESSIVE;
				CLANG_WARN_UNREACHABLE_CODE = YES;
				CLANG_WARN__DUPLICATE_METHOD_MATCH = YES;
				COPY_PHASE_STRIP = NO;
				DEBUG_INFORMATION_FORMAT = dwarf;
				ENABLE_STRICT_OBJC_MSGSEND = YES;
				ENABLE_TESTABILITY = YES;
				GCC_C_LANGUAGE_STANDARD = gnu11;
				GCC_DYNAMIC_NO_PIC = NO;
				GCC_NO_COMMON_BLOCKS = YES;
				GCC_OPTIMIZATION_LEVEL = 0;
				GCC_PREPROCESSOR_DEFINITIONS = (
					"DEBUG=1",
					"$(inherited)",
				);
				GCC_WARN_64_TO_32_BIT_CONVERSION = YES;
				GCC_WARN_ABOUT_RETURN_TYPE = YES_ERROR;
				GCC_WARN_UNDECLARED_SELECTOR = YES;
				GCC_WARN_UNINITIALIZED_AUTOS = YES_AGGRESSIVE;
				GCC_WARN_UNUSED_FUNCTION = YES;
				GCC_WARN_UNUSED_VARIABLE = YES;
				IPHONEOS_DEPLOYMENT_TARGET = 14.2;
				MTL_ENABLE_DEBUG_INFO = INCLUDE_SOURCE;
				MTL_FAST_MATH = YES;
				ONLY_ACTIVE_ARCH = YES;
				SDKROOT = iphoneos;
				SWIFT_ACTIVE_COMPILATION_CONDITIONS = DEBUG;
				SWIFT_OPTIMIZATION_LEVEL = "-Onone";
			};
			name = Debug;
		};
		2698DEBC256C61BA00C5AF76 /* Release */ = {
			isa = XCBuildConfiguration;
			buildSettings = {
				ALWAYS_SEARCH_USER_PATHS = NO;
				CLANG_ANALYZER_NONNULL = YES;
				CLANG_ANALYZER_NUMBER_OBJECT_CONVERSION = YES_AGGRESSIVE;
				CLANG_CXX_LANGUAGE_STANDARD = "gnu++14";
				CLANG_CXX_LIBRARY = "libc++";
				CLANG_ENABLE_MODULES = YES;
				CLANG_ENABLE_OBJC_ARC = YES;
				CLANG_ENABLE_OBJC_WEAK = YES;
				CLANG_WARN_BLOCK_CAPTURE_AUTORELEASING = YES;
				CLANG_WARN_BOOL_CONVERSION = YES;
				CLANG_WARN_COMMA = YES;
				CLANG_WARN_CONSTANT_CONVERSION = YES;
				CLANG_WARN_DEPRECATED_OBJC_IMPLEMENTATIONS = YES;
				CLANG_WARN_DIRECT_OBJC_ISA_USAGE = YES_ERROR;
				CLANG_WARN_DOCUMENTATION_COMMENTS = YES;
				CLANG_WARN_EMPTY_BODY = YES;
				CLANG_WARN_ENUM_CONVERSION = YES;
				CLANG_WARN_INFINITE_RECURSION = YES;
				CLANG_WARN_INT_CONVERSION = YES;
				CLANG_WARN_NON_LITERAL_NULL_CONVERSION = YES;
				CLANG_WARN_OBJC_IMPLICIT_RETAIN_SELF = YES;
				CLANG_WARN_OBJC_LITERAL_CONVERSION = YES;
				CLANG_WARN_OBJC_ROOT_CLASS = YES_ERROR;
				CLANG_WARN_QUOTED_INCLUDE_IN_FRAMEWORK_HEADER = YES;
				CLANG_WARN_RANGE_LOOP_ANALYSIS = YES;
				CLANG_WARN_STRICT_PROTOTYPES = YES;
				CLANG_WARN_SUSPICIOUS_MOVE = YES;
				CLANG_WARN_UNGUARDED_AVAILABILITY = YES_AGGRESSIVE;
				CLANG_WARN_UNREACHABLE_CODE = YES;
				CLANG_WARN__DUPLICATE_METHOD_MATCH = YES;
				COPY_PHASE_STRIP = NO;
				DEBUG_INFORMATION_FORMAT = "dwarf-with-dsym";
				ENABLE_NS_ASSERTIONS = NO;
				ENABLE_STRICT_OBJC_MSGSEND = YES;
				GCC_C_LANGUAGE_STANDARD = gnu11;
				GCC_NO_COMMON_BLOCKS = YES;
				GCC_WARN_64_TO_32_BIT_CONVERSION = YES;
				GCC_WARN_ABOUT_RETURN_TYPE = YES_ERROR;
				GCC_WARN_UNDECLARED_SELECTOR = YES;
				GCC_WARN_UNINITIALIZED_AUTOS = YES_AGGRESSIVE;
				GCC_WARN_UNUSED_FUNCTION = YES;
				GCC_WARN_UNUSED_VARIABLE = YES;
				IPHONEOS_DEPLOYMENT_TARGET = 14.2;
				MTL_ENABLE_DEBUG_INFO = NO;
				MTL_FAST_MATH = YES;
				SDKROOT = iphoneos;
				SWIFT_COMPILATION_MODE = wholemodule;
				SWIFT_OPTIMIZATION_LEVEL = "-O";
				VALIDATE_PRODUCT = YES;
			};
			name = Release;
		};
		2698DEBE256C61BA00C5AF76 /* Debug */ = {
			isa = XCBuildConfiguration;
			buildSettings = {
				ASSETCATALOG_COMPILER_APPICON_NAME = AppIcon;
				ASSETCATALOG_COMPILER_GLOBAL_ACCENT_COLOR_NAME = AccentColor;
				CODE_SIGN_STYLE = Automatic;
				DEVELOPMENT_ASSET_PATHS = "\"OpenTunes4/Preview Content\"";
				DEVELOPMENT_TEAM = 586FC9QTTJ;
				ENABLE_PREVIEWS = YES;
				INFOPLIST_FILE = OpenTunes4/Info.plist;
				IPHONEOS_DEPLOYMENT_TARGET = 14.0;
				LD_RUNPATH_SEARCH_PATHS = (
					"$(inherited)",
					"@executable_path/Frameworks",
				);
				PRODUCT_BUNDLE_IDENTIFIER = net.opentunes.OpenTunes4;
				PRODUCT_NAME = "$(TARGET_NAME)";
				SWIFT_VERSION = 5.0;
				TARGETED_DEVICE_FAMILY = "1,2";
			};
			name = Debug;
		};
		2698DEBF256C61BA00C5AF76 /* Release */ = {
			isa = XCBuildConfiguration;
			buildSettings = {
				ASSETCATALOG_COMPILER_APPICON_NAME = AppIcon;
				ASSETCATALOG_COMPILER_GLOBAL_ACCENT_COLOR_NAME = AccentColor;
				CODE_SIGN_STYLE = Automatic;
				DEVELOPMENT_ASSET_PATHS = "\"OpenTunes4/Preview Content\"";
				DEVELOPMENT_TEAM = 586FC9QTTJ;
				ENABLE_PREVIEWS = YES;
				INFOPLIST_FILE = OpenTunes4/Info.plist;
				IPHONEOS_DEPLOYMENT_TARGET = 14.0;
				LD_RUNPATH_SEARCH_PATHS = (
					"$(inherited)",
					"@executable_path/Frameworks",
				);
				PRODUCT_BUNDLE_IDENTIFIER = net.opentunes.OpenTunes4;
				PRODUCT_NAME = "$(TARGET_NAME)";
				SWIFT_VERSION = 5.0;
				TARGETED_DEVICE_FAMILY = "1,2";
			};
			name = Release;
		};
/* End XCBuildConfiguration section */

/* Begin XCConfigurationList section */
		2698DEA4256C61B700C5AF76 /* Build configuration list for PBXProject "OpenTunes4" */ = {
			isa = XCConfigurationList;
			buildConfigurations = (
				2698DEBB256C61BA00C5AF76 /* Debug */,
				2698DEBC256C61BA00C5AF76 /* Release */,
			);
			defaultConfigurationIsVisible = 0;
			defaultConfigurationName = Release;
		};
		2698DEBD256C61BA00C5AF76 /* Build configuration list for PBXNativeTarget "OpenTunes4" */ = {
			isa = XCConfigurationList;
			buildConfigurations = (
				2698DEBE256C61BA00C5AF76 /* Debug */,
				2698DEBF256C61BA00C5AF76 /* Release */,
			);
			defaultConfigurationIsVisible = 0;
			defaultConfigurationName = Release;
		};
/* End XCConfigurationList section */

/* Begin XCVersionGroup section */
		2698DEB7256C61BA00C5AF76 /* OpenTunes4.xcdatamodeld */ = {
			isa = XCVersionGroup;
			children = (
				2698DEB8256C61BA00C5AF76 /* OpenTunes4.xcdatamodel */,
			);
			currentVersion = 2698DEB8256C61BA00C5AF76 /* OpenTunes4.xcdatamodel */;
			path = OpenTunes4.xcdatamodeld;
			sourceTree = "<group>";
			versionGroupType = wrapper.xcdatamodel;
		};
/* End XCVersionGroup section */
	};
	rootObject = 2698DEA1256C61B700C5AF76 /* Project object */;
}
